
Microsoft Visual Studio Solution File, Format Version 12.00
# Visual Studio 2012
Project("{8BC9CEB8-8B4A-11D0-8D11-00A0C91BC942}") = "FTP_server", "FTP_server\FTP_server.vcxproj", "{36D5274E-1398-49C5-9853-12DE16007209}"
EndProject
Global
	GlobalSection(SolutionConfigurationPlatforms) = preSolution
		Debug|Win32 = Debug|Win32
		Release|Win32 = Release|Win32
	EndGlobalSection
	GlobalSection(ProjectConfigurationPlatforms) = postSolution
		{36D5274E-1398-49C5-9853-12DE16007209}.Debug|Win32.ActiveCfg = Debug|Win32
		{36D5274E-1398-49C5-9853-12DE16007209}.Debug|Win32.Build.0 = Debug|Win32
		{36D5274E-1398-49C5-9853-12DE16007209}.Release|Win32.ActiveCfg = Release|Win32
		{36D5274E-1398-49C5-9853-12DE16007209}.Release|Win32.Build.0 = Release|Win32
	EndGlobalSection
	GlobalSection(SolutionProperties) = preSolution
		HideSolutionNode = FALSE
	EndGlobalSection
EndGlobal
